// !$*UTF8*$!
{
	archiveVersion = 1;
	classes = {
	};
	objectVersion = 56;
	objects = {

/* Begin PBXBuildFile section */
		53384DAE29B764E7005B3915 /* AppDelegate.swift in Sources */ = {isa = PBXBuildFile; fileRef = 53384DAD29B764E7005B3915 /* AppDelegate.swift */; };
		53384DB029B764E7005B3915 /* art.scnassets in Resources */ = {isa = PBXBuildFile; fileRef = 53384DAF29B764E7005B3915 /* art.scnassets */; };
		53384DB229B764E7005B3915 /* ViewController.swift in Sources */ = {isa = PBXBuildFile; fileRef = 53384DB129B764E7005B3915 /* ViewController.swift */; };
		53384DB529B764E8005B3915 /* Main.storyboard in Resources */ = {isa = PBXBuildFile; fileRef = 53384DB329B764E8005B3915 /* Main.storyboard */; };
		53384DB729B764E9005B3915 /* Assets.xcassets in Resources */ = {isa = PBXBuildFile; fileRef = 53384DB629B764E9005B3915 /* Assets.xcassets */; };
		53384DBA29B764E9005B3915 /* LaunchScreen.storyboard in Resources */ = {isa = PBXBuildFile; fileRef = 53384DB829B764E9005B3915 /* LaunchScreen.storyboard */; };
		53384DC429B764E9005B3915 /* __Tests.swift in Sources */ = {isa = PBXBuildFile; fileRef = 53384DC329B764E9005B3915 /* __Tests.swift */; };
		53384DCE29B764E9005B3915 /* __UITests.swift in Sources */ = {isa = PBXBuildFile; fileRef = 53384DCD29B764E9005B3915 /* __UITests.swift */; };
		53384DD029B764E9005B3915 /* __UITestsLaunchTests.swift in Sources */ = {isa = PBXBuildFile; fileRef = 53384DCF29B764E9005B3915 /* __UITestsLaunchTests.swift */; };
/* End PBXBuildFile section */

/* Begin PBXContainerItemProxy section */
		53384DC029B764E9005B3915 /* PBXContainerItemProxy */ = {
			isa = PBXContainerItemProxy;
			containerPortal = 53384DA229B764E7005B3915 /* Project object */;
			proxyType = 1;
			remoteGlobalIDString = 53384DA929B764E7005B3915;
			remoteInfo = "测试";
		};
		53384DCA29B764E9005B3915 /* PBXContainerItemProxy */ = {
			isa = PBXContainerItemProxy;
			containerPortal = 53384DA229B764E7005B3915 /* Project object */;
			proxyType = 1;
			remoteGlobalIDString = 53384DA929B764E7005B3915;
			remoteInfo = "测试";
		};
/* End PBXContainerItemProxy section */

/* Begin PBXFileReference section */
		53384DAA29B764E7005B3915 /* 测试.app */ = {isa = PBXFileReference; explicitFileType = wrapper.application; includeInIndex = 0; path = "测试.app"; sourceTree = BUILT_PRODUCTS_DIR; };
		53384DAD29B764E7005B3915 /* AppDelegate.swift */ = {isa = PBXFileReference; lastKnownFileType = sourcecode.swift; path = AppDelegate.swift; sourceTree = "<group>"; };
		53384DAF29B764E7005B3915 /* art.scnassets */ = {isa = PBXFileReference; lastKnownFileType = wrapper.scnassets; path = art.scnassets; sourceTree = "<group>"; };
		53384DB129B764E7005B3915 /* ViewController.swift */ = {isa = PBXFileReference; lastKnownFileType = sourcecode.swift; path = ViewController.swift; sourceTree = "<group>"; };
		53384DB429B764E8005B3915 /* Base */ = {isa = PBXFileReference; lastKnownFileType = file.storyboard; name = Base; path = Base.lproj/Main.storyboard; sourceTree = "<group>"; };
		53384DB629B764E9005B3915 /* Assets.xcassets */ = {isa = PBXFileReference; lastKnownFileType = folder.assetcatalog; path = Assets.xcassets; sourceTree = "<group>"; };
		53384DB929B764E9005B3915 /* Base */ = {isa = PBXFileReference; lastKnownFileType = file.storyboard; name = Base; path = Base.lproj/LaunchScreen.storyboard; sourceTree = "<group>"; };
		53384DBF29B764E9005B3915 /* 测试Tests.xctest */ = {isa = PBXFileReference; explicitFileType = wrapper.cfbundle; includeInIndex = 0; path = "测试Tests.xctest"; sourceTree = BUILT_PRODUCTS_DIR; };
		53384DC329B764E9005B3915 /* __Tests.swift */ = {isa = PBXFileReference; lastKnownFileType = sourcecode.swift; path = __Tests.swift; sourceTree = "<group>"; };
		53384DC929B764E9005B3915 /* 测试UITests.xctest */ = {isa = PBXFileReference; explicitFileType = wrapper.cfbundle; includeInIndex = 0; path = "测试UITests.xctest"; sourceTree = BUILT_PRODUCTS_DIR; };
		53384DCD29B764E9005B3915 /* __UITests.swift */ = {isa = PBXFileReference; lastKnownFileType = sourcecode.swift; path = __UITests.swift; sourceTree = "<group>"; };
		53384DCF29B764E9005B3915 /* __UITestsLaunchTests.swift */ = {isa = PBXFileReference; lastKnownFileType = sourcecode.swift; path = __UITestsLaunchTests.swift; sourceTree = "<group>"; };
/* End PBXFileReference section */

/* Begin PBXFrameworksBuildPhase section */
		53384DA729B764E7005B3915 /* Frameworks */ = {
			isa = PBXFrameworksBuildPhase;
			buildActionMask = 2147483647;
			files = (
			);
			runOnlyForDeploymentPostprocessing = 0;
		};
		53384DBC29B764E9005B3915 /* Frameworks */ = {
			isa = PBXFrameworksBuildPhase;
			buildActionMask = 2147483647;
			files = (
			);
			runOnlyForDeploymentPostprocessing = 0;
		};
		53384DC629B764E9005B3915 /* Frameworks */ = {
			isa = PBXFrameworksBuildPhase;
			buildActionMask = 2147483647;
			files = (
			);
			runOnlyForDeploymentPostprocessing = 0;
		};
/* End PBXFrameworksBuildPhase section */

/* Begin PBXGroup section */
		53384DA129B764E7005B3915 = {
			isa = PBXGroup;
			children = (
				53384DAC29B764E7005B3915 /* 测试 */,
				53384DC229B764E9005B3915 /* 测试Tests */,
				53384DCC29B764E9005B3915 /* 测试UITests */,
				53384DAB29B764E7005B3915 /* Products */,
			);
			sourceTree = "<group>";
		};
		53384DAB29B764E7005B3915 /* Products */ = {
			isa = PBXGroup;
			children = (
				53384DAA29B764E7005B3915 /* 测试.app */,
				53384DBF29B764E9005B3915 /* 测试Tests.xctest */,
				53384DC929B764E9005B3915 /* 测试UITests.xctest */,
			);
			name = Products;
			sourceTree = "<group>";
		};
		53384DAC29B764E7005B3915 /* 测试 */ = {
			isa = PBXGroup;
			children = (
				53384DAD29B764E7005B3915 /* AppDelegate.swift */,
				53384DAF29B764E7005B3915 /* art.scnassets */,
				53384DB129B764E7005B3915 /* ViewController.swift */,
				53384DB329B764E8005B3915 /* Main.storyboard */,
				53384DB629B764E9005B3915 /* Assets.xcassets */,
				53384DB829B764E9005B3915 /* LaunchScreen.storyboard */,
			);
			path = "测试";
			sourceTree = "<group>";
		};
		53384DC229B764E9005B3915 /* 测试Tests */ = {
			isa = PBXGroup;
			children = (
				53384DC329B764E9005B3915 /* __Tests.swift */,
			);
			path = "测试Tests";
			sourceTree = "<group>";
		};
		53384DCC29B764E9005B3915 /* 测试UITests */ = {
			isa = PBXGroup;
			children = (
				53384DCD29B764E9005B3915 /* __UITests.swift */,
				53384DCF29B764E9005B3915 /* __UITestsLaunchTests.swift */,
			);
			path = "测试UITests";
			sourceTree = "<group>";
		};
/* End PBXGroup section */

/* Begin PBXNativeTarget section */
		53384DA929B764E7005B3915 /* 测试 */ = {
			isa = PBXNativeTarget;
			buildConfigurationList = 53384DD329B764E9005B3915 /* Build configuration list for PBXNativeTarget "测试" */;
			buildPhases = (
				53384DA629B764E7005B3915 /* Sources */,
				53384DA729B764E7005B3915 /* Frameworks */,
				53384DA829B764E7005B3915 /* Resources */,
			);
			buildRules = (
			);
			dependencies = (
			);
			name = "测试";
			productName = "测试";
			productReference = 53384DAA29B764E7005B3915 /* 测试.app */;
			productType = "com.apple.product-type.application";
		};
		53384DBE29B764E9005B3915 /* 测试Tests */ = {
			isa = PBXNativeTarget;
			buildConfigurationList = 53384DD629B764E9005B3915 /* Build configuration list for PBXNativeTarget "测试Tests" */;
			buildPhases = (
				53384DBB29B764E9005B3915 /* Sources */,
				53384DBC29B764E9005B3915 /* Frameworks */,
				53384DBD29B764E9005B3915 /* Resources */,
			);
			buildRules = (
			);
			dependencies = (
				53384DC129B764E9005B3915 /* PBXTargetDependency */,
			);
			name = "测试Tests";
			productName = "测试Tests";
			productReference = 53384DBF29B764E9005B3915 /* 测试Tests.xctest */;
			productType = "com.apple.product-type.bundle.unit-test";
		};
		53384DC829B764E9005B3915 /* 测试UITests */ = {
			isa = PBXNativeTarget;
			buildConfigurationList = 53384DD929B764E9005B3915 /* Build configuration list for PBXNativeTarget "测试UITests" */;
			buildPhases = (
				53384DC529B764E9005B3915 /* Sources */,
				53384DC629B764E9005B3915 /* Frameworks */,
				53384DC729B764E9005B3915 /* Resources */,
			);
			buildRules = (
			);
			dependencies = (
				53384DCB29B764E9005B3915 /* PBXTargetDependency */,
			);
			name = "测试UITests";
			productName = "测试UITests";
			productReference = 53384DC929B764E9005B3915 /* 测试UITests.xctest */;
			productType = "com.apple.product-type.bundle.ui-testing";
		};
/* End PBXNativeTarget section */

/* Begin PBXProject section */
		53384DA229B764E7005B3915 /* Project object */ = {
			isa = PBXProject;
			attributes = {
				BuildIndependentTargetsInParallel = 1;
				LastSwiftUpdateCheck = 1420;
				LastUpgradeCheck = 1420;
				TargetAttributes = {
					53384DA929B764E7005B3915 = {
						CreatedOnToolsVersion = 14.2;
					};
					53384DBE29B764E9005B3915 = {
						CreatedOnToolsVersion = 14.2;
						TestTargetID = 53384DA929B764E7005B3915;
					};
					53384DC829B764E9005B3915 = {
						CreatedOnToolsVersion = 14.2;
						TestTargetID = 53384DA929B764E7005B3915;
					};
				};
			};
			buildConfigurationList = 53384DA529B764E7005B3915 /* Build configuration list for PBXProject "测试" */;
			compatibilityVersion = "Xcode 14.0";
			developmentRegion = en;
			hasScannedForEncodings = 0;
			knownRegions = (
				en,
				Base,
			);
			mainGroup = 53384DA129B764E7005B3915;
			productRefGroup = 53384DAB29B764E7005B3915 /* Products */;
			projectDirPath = "";
			projectRoot = "";
			targets = (
				53384DA929B764E7005B3915 /* 测试 */,
				53384DBE29B764E9005B3915 /* 测试Tests */,
				53384DC829B764E9005B3915 /* 测试UITests */,
			);
		};
/* End PBXProject section */

/* Begin PBXResourcesBuildPhase section */
		53384DA829B764E7005B3915 /* Resources */ = {
			isa = PBXResourcesBuildPhase;
			buildActionMask = 2147483647;
			files = (
				53384DB029B764E7005B3915 /* art.scnassets in Resources */,
				53384DBA29B764E9005B3915 /* LaunchScreen.storyboard in Resources */,
				53384DB729B764E9005B3915 /* Assets.xcassets in Resources */,
				53384DB529B764E8005B3915 /* Main.storyboard in Resources */,
			);
			runOnlyForDeploymentPostprocessing = 0;
		};
		53384DBD29B764E9005B3915 /* Resources */ = {
			isa = PBXResourcesBuildPhase;
			buildActionMask = 2147483647;
			files = (
			);
			runOnlyForDeploymentPostprocessing = 0;
		};
		53384DC729B764E9005B3915 /* Resources */ = {
			isa = PBXResourcesBuildPhase;
			buildActionMask = 2147483647;
			files = (
			);
			runOnlyForDeploymentPostprocessing = 0;
		};
/* End PBXResourcesBuildPhase section */

/* Begin PBXSourcesBuildPhase section */
		53384DA629B764E7005B3915 /* Sources */ = {
			isa = PBXSourcesBuildPhase;
			buildActionMask = 2147483647;
			files = (
				53384DB229B764E7005B3915 /* ViewController.swift in Sources */,
				53384DAE29B764E7005B3915 /* AppDelegate.swift in Sources */,
			);
			runOnlyForDeploymentPostprocessing = 0;
		};
		53384DBB29B764E9005B3915 /* Sources */ = {
			isa = PBXSourcesBuildPhase;
			buildActionMask = 2147483647;
			files = (
				53384DC429B764E9005B3915 /* __Tests.swift in Sources */,
			);
			runOnlyForDeploymentPostprocessing = 0;
		};
		53384DC529B764E9005B3915 /* Sources */ = {
			isa = PBXSourcesBuildPhase;
			buildActionMask = 2147483647;
			files = (
				53384DD029B764E9005B3915 /* __UITestsLaunchTests.swift in Sources */,
				53384DCE29B764E9005B3915 /* __UITests.swift in Sources */,
			);
			runOnlyForDeploymentPostprocessing = 0;
		};
/* End PBXSourcesBuildPhase section */

/* Begin PBXTargetDependency section */
		53384DC129B764E9005B3915 /* PBXTargetDependency */ = {
			isa = PBXTargetDependency;
			target = 53384DA929B764E7005B3915 /* 测试 */;
			targetProxy = 53384DC029B764E9005B3915 /* PBXContainerItemProxy */;
		};
		53384DCB29B764E9005B3915 /* PBXTargetDependency */ = {
			isa = PBXTargetDependency;
			target = 53384DA929B764E7005B3915 /* 测试 */;
			targetProxy = 53384DCA29B764E9005B3915 /* PBXContainerItemProxy */;
		};
/* End PBXTargetDependency section */

/* Begin PBXVariantGroup section */
		53384DB329B764E8005B3915 /* Main.storyboard */ = {
			isa = PBXVariantGroup;
			children = (
				53384DB429B764E8005B3915 /* Base */,
			);
			name = Main.storyboard;
			sourceTree = "<group>";
		};
		53384DB829B764E9005B3915 /* LaunchScreen.storyboard */ = {
			isa = PBXVariantGroup;
			children = (
				53384DB929B764E9005B3915 /* Base */,
			);
			name = LaunchScreen.storyboard;
			sourceTree = "<group>";
		};
/* End PBXVariantGroup section */

/* Begin XCBuildConfiguration section */
		53384DD129B764E9005B3915 /* Debug */ = {
			isa = XCBuildConfiguration;
			buildSettings = {
				ALWAYS_SEARCH_USER_PATHS = NO;
				CLANG_ANALYZER_NONNULL = YES;
				CLANG_ANALYZER_NUMBER_OBJECT_CONVERSION = YES_AGGRESSIVE;
				CLANG_CXX_LANGUAGE_STANDARD = "gnu++20";
				CLANG_ENABLE_MODULES = YES;
				CLANG_ENABLE_OBJC_ARC = YES;
				CLANG_ENABLE_OBJC_WEAK = YES;
				CLANG_WARN_BLOCK_CAPTURE_AUTORELEASING = YES;
				CLANG_WARN_BOOL_CONVERSION = YES;
				CLANG_WARN_COMMA = YES;
				CLANG_WARN_CONSTANT_CONVERSION = YES;
				CLANG_WARN_DEPRECATED_OBJC_IMPLEMENTATIONS = YES;
				CLANG_WARN_DIRECT_OBJC_ISA_USAGE = YES_ERROR;
				CLANG_WARN_DOCUMENTATION_COMMENTS = YES;
				CLANG_WARN_EMPTY_BODY = YES;
				CLANG_WARN_ENUM_CONVERSION = YES;
				CLANG_WARN_INFINITE_RECURSION = YES;
				CLANG_WARN_INT_CONVERSION = YES;
				CLANG_WARN_NON_LITERAL_NULL_CONVERSION = YES;
				CLANG_WARN_OBJC_IMPLICIT_RETAIN_SELF = YES;
				CLANG_WARN_OBJC_LITERAL_CONVERSION = YES;
				CLANG_WARN_OBJC_ROOT_CLASS = YES_ERROR;
				CLANG_WARN_QUOTED_INCLUDE_IN_FRAMEWORK_HEADER = YES;
				CLANG_WARN_RANGE_LOOP_ANALYSIS = YES;
				CLANG_WARN_STRICT_PROTOTYPES = YES;
				CLANG_WARN_SUSPICIOUS_MOVE = YES;
				CLANG_WARN_UNGUARDED_AVAILABILITY = YES_AGGRESSIVE;
				CLANG_WARN_UNREACHABLE_CODE = YES;
				CLANG_WARN__DUPLICATE_METHOD_MATCH = YES;
				COPY_PHASE_STRIP = NO;
				DEBUG_INFORMATION_FORMAT = dwarf;
				ENABLE_STRICT_OBJC_MSGSEND = YES;
				ENABLE_TESTABILITY = YES;
				GCC_C_LANGUAGE_STANDARD = gnu11;
				GCC_DYNAMIC_NO_PIC = NO;
				GCC_NO_COMMON_BLOCKS = YES;
				GCC_OPTIMIZATION_LEVEL = 0;
				GCC_PREPROCESSOR_DEFINITIONS = (
					"DEBUG=1",
					"$(inherited)",
				);
				GCC_WARN_64_TO_32_BIT_CONVERSION = YES;
				GCC_WARN_ABOUT_RETURN_TYPE = YES_ERROR;
				GCC_WARN_UNDECLARED_SELECTOR = YES;
				GCC_WARN_UNINITIALIZED_AUTOS = YES_AGGRESSIVE;
				GCC_WARN_UNUSED_FUNCTION = YES;
				GCC_WARN_UNUSED_VARIABLE = YES;
				IPHONEOS_DEPLOYMENT_TARGET = 16.2;
				MTL_ENABLE_DEBUG_INFO = INCLUDE_SOURCE;
				MTL_FAST_MATH = YES;
				ONLY_ACTIVE_ARCH = YES;
				SDKROOT = iphoneos;
				SWIFT_ACTIVE_COMPILATION_CONDITIONS = DEBUG;
				SWIFT_OPTIMIZATION_LEVEL = "-Onone";
			};
			name = Debug;
		};
		53384DD229B764E9005B3915 /* Release */ = {
			isa = XCBuildConfiguration;
			buildSettings = {
				ALWAYS_SEARCH_USER_PATHS = NO;
				CLANG_ANALYZER_NONNULL = YES;
				CLANG_ANALYZER_NUMBER_OBJECT_CONVERSION = YES_AGGRESSIVE;
				CLANG_CXX_LANGUAGE_STANDARD = "gnu++20";
				CLANG_ENABLE_MODULES = YES;
				CLANG_ENABLE_OBJC_ARC = YES;
				CLANG_ENABLE_OBJC_WEAK = YES;
				CLANG_WARN_BLOCK_CAPTURE_AUTORELEASING = YES;
				CLANG_WARN_BOOL_CONVERSION = YES;
				CLANG_WARN_COMMA = YES;
				CLANG_WARN_CONSTANT_CONVERSION = YES;
				CLANG_WARN_DEPRECATED_OBJC_IMPLEMENTATIONS = YES;
				CLANG_WARN_DIRECT_OBJC_ISA_USAGE = YES_ERROR;
				CLANG_WARN_DOCUMENTATION_COMMENTS = YES;
				CLANG_WARN_EMPTY_BODY = YES;
				CLANG_WARN_ENUM_CONVERSION = YES;
				CLANG_WARN_INFINITE_RECURSION = YES;
				CLANG_WARN_INT_CONVERSION = YES;
				CLANG_WARN_NON_LITERAL_NULL_CONVERSION = YES;
				CLANG_WARN_OBJC_IMPLICIT_RETAIN_SELF = YES;
				CLANG_WARN_OBJC_LITERAL_CONVERSION = YES;
				CLANG_WARN_OBJC_ROOT_CLASS = YES_ERROR;
				CLANG_WARN_QUOTED_INCLUDE_IN_FRAMEWORK_HEADER = YES;
				CLANG_WARN_RANGE_LOOP_ANALYSIS = YES;
				CLANG_WARN_STRICT_PROTOTYPES = YES;
				CLANG_WARN_SUSPICIOUS_MOVE = YES;
				CLANG_WARN_UNGUARDED_AVAILABILITY = YES_AGGRESSIVE;
				CLANG_WARN_UNREACHABLE_CODE = YES;
				CLANG_WARN__DUPLICATE_METHOD_MATCH = YES;
				COPY_PHASE_STRIP = NO;
				DEBUG_INFORMATION_FORMAT = "dwarf-with-dsym";
				ENABLE_NS_ASSERTIONS = NO;
				ENABLE_STRICT_OBJC_MSGSEND = YES;
				GCC_C_LANGUAGE_STANDARD = gnu11;
				GCC_NO_COMMON_BLOCKS = YES;
				GCC_WARN_64_TO_32_BIT_CONVERSION = YES;
				GCC_WARN_ABOUT_RETURN_TYPE = YES_ERROR;
				GCC_WARN_UNDECLARED_SELECTOR = YES;
				GCC_WARN_UNINITIALIZED_AUTOS = YES_AGGRESSIVE;
				GCC_WARN_UNUSED_FUNCTION = YES;
				GCC_WARN_UNUSED_VARIABLE = YES;
				IPHONEOS_DEPLOYMENT_TARGET = 16.2;
				MTL_ENABLE_DEBUG_INFO = NO;
				MTL_FAST_MATH = YES;
				SDKROOT = iphoneos;
				SWIFT_COMPILATION_MODE = wholemodule;
				SWIFT_OPTIMIZATION_LEVEL = "-O";
				VALIDATE_PRODUCT = YES;
			};
			name = Release;
		};
		53384DD429B764E9005B3915 /* Debug */ = {
			isa = XCBuildConfiguration;
			buildSettings = {
				ASSETCATALOG_COMPILER_APPICON_NAME = AppIcon;
				ASSETCATALOG_COMPILER_GLOBAL_ACCENT_COLOR_NAME = AccentColor;
				CODE_SIGN_STYLE = Automatic;
				CURRENT_PROJECT_VERSION = 1;
				DEVELOPMENT_TEAM = Q6MAB65JYN;
				GENERATE_INFOPLIST_FILE = YES;
				INFOPLIST_KEY_NSCameraUsageDescription = "";
				INFOPLIST_KEY_UIApplicationSupportsIndirectInputEvents = YES;
				INFOPLIST_KEY_UILaunchStoryboardName = LaunchScreen;
				INFOPLIST_KEY_UIMainStoryboardFile = Main;
				INFOPLIST_KEY_UIRequiredDeviceCapabilities = "video-camera arkit";
				INFOPLIST_KEY_UIStatusBarHidden = YES;
				INFOPLIST_KEY_UISupportedInterfaceOrientations_iPad = "UIInterfaceOrientationPortrait UIInterfaceOrientationPortraitUpsideDown UIInterfaceOrientationLandscapeLeft UIInterfaceOrientationLandscapeRight";
				INFOPLIST_KEY_UISupportedInterfaceOrientations_iPhone = "UIInterfaceOrientationPortrait UIInterfaceOrientationLandscapeLeft UIInterfaceOrientationLandscapeRight";
				LD_RUNPATH_SEARCH_PATHS = (
					"$(inherited)",
					"@executable_path/Frameworks",
				);
				MARKETING_VERSION = 1.0;
				PRODUCT_BUNDLE_IDENTIFIER = "zhang.--";
				PRODUCT_NAME = "$(TARGET_NAME)";
				SWIFT_EMIT_LOC_STRINGS = YES;
				SWIFT_VERSION = 5.0;
				TARGETED_DEVICE_FAMILY = "1,2";
			};
			name = Debug;
		};
		53384DD529B764E9005B3915 /* Release */ = {
			isa = XCBuildConfiguration;
			buildSettings = {
				ASSETCATALOG_COMPILER_APPICON_NAME = AppIcon;
				ASSETCATALOG_COMPILER_GLOBAL_ACCENT_COLOR_NAME = AccentColor;
				CODE_SIGN_STYLE = Automatic;
				CURRENT_PROJECT_VERSION = 1;
				DEVELOPMENT_TEAM = Q6MAB65JYN;
				GENERATE_INFOPLIST_FILE = YES;
				INFOPLIST_KEY_NSCameraUsageDescription = "";
				INFOPLIST_KEY_UIApplicationSupportsIndirectInputEvents = YES;
				INFOPLIST_KEY_UILaunchStoryboardName = LaunchScreen;
				INFOPLIST_KEY_UIMainStoryboardFile = Main;
				INFOPLIST_KEY_UIRequiredDeviceCapabilities = "video-camera arkit";
				INFOPLIST_KEY_UIStatusBarHidden = YES;
				INFOPLIST_KEY_UISupportedInterfaceOrientations_iPad = "UIInterfaceOrientationPortrait UIInterfaceOrientationPortraitUpsideDown UIInterfaceOrientationLandscapeLeft UIInterfaceOrientationLandscapeRight";
				INFOPLIST_KEY_UISupportedInterfaceOrientations_iPhone = "UIInterfaceOrientationPortrait UIInterfaceOrientationLandscapeLeft UIInterfaceOrientationLandscapeRight";
				LD_RUNPATH_SEARCH_PATHS = (
					"$(inherited)",
					"@executable_path/Frameworks",
				);
				MARKETING_VERSION = 1.0;
				PRODUCT_BUNDLE_IDENTIFIER = "zhang.--";
				PRODUCT_NAME = "$(TARGET_NAME)";
				SWIFT_EMIT_LOC_STRINGS = YES;
				SWIFT_VERSION = 5.0;
				TARGETED_DEVICE_FAMILY = "1,2";
			};
			name = Release;
		};
		53384DD729B764E9005B3915 /* Debug */ = {
			isa = XCBuildConfiguration;
			buildSettings = {
				ALWAYS_EMBED_SWIFT_STANDARD_LIBRARIES = YES;
				BUNDLE_LOADER = "$(TEST_HOST)";
				CODE_SIGN_STYLE = Automatic;
				CURRENT_PROJECT_VERSION = 1;
				DEVELOPMENT_TEAM = Q6MAB65JYN;
				GENERATE_INFOPLIST_FILE = YES;
				IPHONEOS_DEPLOYMENT_TARGET = 16.2;
				MARKETING_VERSION = 1.0;
				PRODUCT_BUNDLE_IDENTIFIER = "zhang.--Tests";
				PRODUCT_NAME = "$(TARGET_NAME)";
				SWIFT_EMIT_LOC_STRINGS = NO;
				SWIFT_VERSION = 5.0;
				TARGETED_DEVICE_FAMILY = "1,2";
				TEST_HOST = "$(BUILT_PRODUCTS_DIR)/测试.app/$(BUNDLE_EXECUTABLE_FOLDER_PATH)/测试";
			};
			name = Debug;
		};
		53384DD829B764E9005B3915 /* Release */ = {
			isa = XCBuildConfiguration;
			buildSettings = {
				ALWAYS_EMBED_SWIFT_STANDARD_LIBRARIES = YES;
				BUNDLE_LOADER = "$(TEST_HOST)";
				CODE_SIGN_STYLE = Automatic;
				CURRENT_PROJECT_VERSION = 1;
				DEVELOPMENT_TEAM = Q6MAB65JYN;
				GENERATE_INFOPLIST_FILE = YES;
				IPHONEOS_DEPLOYMENT_TARGET = 16.2;
				MARKETING_VERSION = 1.0;
				PRODUCT_BUNDLE_IDENTIFIER = "zhang.--Tests";
				PRODUCT_NAME = "$(TARGET_NAME)";
				SWIFT_EMIT_LOC_STRINGS = NO;
				SWIFT_VERSION = 5.0;
				TARGETED_DEVICE_FAMILY = "1,2";
				TEST_HOST = "$(BUILT_PRODUCTS_DIR)/测试.app/$(BUNDLE_EXECUTABLE_FOLDER_PATH)/测试";
			};
			name = Release;
		};
		53384DDA29B764E9005B3915 /* Debug */ = {
			isa = XCBuildConfiguration;
			buildSettings = {
				ALWAYS_EMBED_SWIFT_STANDARD_LIBRARIES = YES;
				CODE_SIGN_STYLE = Automatic;
				CURRENT_PROJECT_VERSION = 1;
				DEVELOPMENT_TEAM = Q6MAB65JYN;
				GENERATE_INFOPLIST_FILE = YES;
				MARKETING_VERSION = 1.0;
				PRODUCT_BUNDLE_IDENTIFIER = "zhang.--UITests";
				PRODUCT_NAME = "$(TARGET_NAME)";
				SWIFT_EMIT_LOC_STRINGS = NO;
				SWIFT_VERSION = 5.0;
				TARGETED_DEVICE_FAMILY = "1,2";
				TEST_TARGET_NAME = "测试";
			};
			name = Debug;
		};
		53384DDB29B764E9005B3915 /* Release */ = {
			isa = XCBuildConfiguration;
			buildSettings = {
				ALWAYS_EMBED_SWIFT_STANDARD_LIBRARIES = YES;
				CODE_SIGN_STYLE = Automatic;
				CURRENT_PROJECT_VERSION = 1;
				DEVELOPMENT_TEAM = Q6MAB65JYN;
				GENERATE_INFOPLIST_FILE = YES;
				MARKETING_VERSION = 1.0;
				PRODUCT_BUNDLE_IDENTIFIER = "zhang.--UITests";
				PRODUCT_NAME = "$(TARGET_NAME)";
				SWIFT_EMIT_LOC_STRINGS = NO;
				SWIFT_VERSION = 5.0;
				TARGETED_DEVICE_FAMILY = "1,2";
				TEST_TARGET_NAME = "测试";
			};
			name = Release;
		};
/* End XCBuildConfiguration section */

/* Begin XCConfigurationList section */
		53384DA529B764E7005B3915 /* Build configuration list for PBXProject "测试" */ = {
			isa = XCConfigurationList;
			buildConfigurations = (
				53384DD129B764E9005B3915 /* Debug */,
				53384DD229B764E9005B3915 /* Release */,
			);
			defaultConfigurationIsVisible = 0;
			defaultConfigurationName = Release;
		};
		53384DD329B764E9005B3915 /* Build configuration list for PBXNativeTarget "测试" */ = {
			isa = XCConfigurationList;
			buildConfigurations = (
				53384DD429B764E9005B3915 /* Debug */,
				53384DD529B764E9005B3915 /* Release */,
			);
			defaultConfigurationIsVisible = 0;
			defaultConfigurationName = Release;
		};
		53384DD629B764E9005B3915 /* Build configuration list for PBXNativeTarget "测试Tests" */ = {
			isa = XCConfigurationList;
			buildConfigurations = (
				53384DD729B764E9005B3915 /* Debug */,
				53384DD829B764E9005B3915 /* Release */,
			);
			defaultConfigurationIsVisible = 0;
			defaultConfigurationName = Release;
		};
		53384DD929B764E9005B3915 /* Build configuration list for PBXNativeTarget "测试UITests" */ = {
			isa = XCConfigurationList;
			buildConfigurations = (
				53384DDA29B764E9005B3915 /* Debug */,
				53384DDB29B764E9005B3915 /* Release */,
			);
			defaultConfigurationIsVisible = 0;
			defaultConfigurationName = Release;
		};
/* End XCConfigurationList section */
	};
	rootObject = 53384DA229B764E7005B3915 /* Project object */;
}
