// !$*UTF8*$!
{
	archiveVersion = 1;
	classes = {
	};
	objectVersion = 56;
	objects = {

/* Begin PBXBuildFile section */
		53D004F5299F5FDE00B5C0BC /* AppDelegate.swift in Sources */ = {isa = PBXBuildFile; fileRef = 53D004F4299F5FDE00B5C0BC /* AppDelegate.swift */; };
		53D004F7299F5FDE00B5C0BC /* art.scnassets in Resources */ = {isa = PBXBuildFile; fileRef = 53D004F6299F5FDE00B5C0BC /* art.scnassets */; };
		53D004F9299F5FDE00B5C0BC /* ViewController.swift in Sources */ = {isa = PBXBuildFile; fileRef = 53D004F8299F5FDE00B5C0BC /* ViewController.swift */; };
		53D004FC299F5FDE00B5C0BC /* Main.storyboard in Resources */ = {isa = PBXBuildFile; fileRef = 53D004FA299F5FDE00B5C0BC /* Main.storyboard */; };
		53D004FE299F5FDF00B5C0BC /* Assets.xcassets in Resources */ = {isa = PBXBuildFile; fileRef = 53D004FD299F5FDF00B5C0BC /* Assets.xcassets */; };
		53D00501299F5FDF00B5C0BC /* LaunchScreen.storyboard in Resources */ = {isa = PBXBuildFile; fileRef = 53D004FF299F5FDF00B5C0BC /* LaunchScreen.storyboard */; };
		53D0050B299F5FDF00B5C0BC /* ARCombatTests.swift in Sources */ = {isa = PBXBuildFile; fileRef = 53D0050A299F5FDF00B5C0BC /* ARCombatTests.swift */; };
		53D00515299F5FDF00B5C0BC /* ARCombatUITests.swift in Sources */ = {isa = PBXBuildFile; fileRef = 53D00514299F5FDF00B5C0BC /* ARCombatUITests.swift */; };
		53D00517299F5FDF00B5C0BC /* ARCombatUITestsLaunchTests.swift in Sources */ = {isa = PBXBuildFile; fileRef = 53D00516299F5FDF00B5C0BC /* ARCombatUITestsLaunchTests.swift */; };
		53D00524299FA0C900B5C0BC /* GeometryConstant.swift in Sources */ = {isa = PBXBuildFile; fileRef = 53D00523299FA0C900B5C0BC /* GeometryConstant.swift */; };
/* End PBXBuildFile section */

/* Begin PBXContainerItemProxy section */
		53D00507299F5FDF00B5C0BC /* PBXContainerItemProxy */ = {
			isa = PBXContainerItemProxy;
			containerPortal = 53D004E9299F5FDE00B5C0BC /* Project object */;
			proxyType = 1;
			remoteGlobalIDString = 53D004F0299F5FDE00B5C0BC;
			remoteInfo = ARCombat;
		};
		53D00511299F5FDF00B5C0BC /* PBXContainerItemProxy */ = {
			isa = PBXContainerItemProxy;
			containerPortal = 53D004E9299F5FDE00B5C0BC /* Project object */;
			proxyType = 1;
			remoteGlobalIDString = 53D004F0299F5FDE00B5C0BC;
			remoteInfo = ARCombat;
		};
/* End PBXContainerItemProxy section */

/* Begin PBXFileReference section */
		53D004F1299F5FDE00B5C0BC /* ARCombat.app */ = {isa = PBXFileReference; explicitFileType = wrapper.application; includeInIndex = 0; path = ARCombat.app; sourceTree = BUILT_PRODUCTS_DIR; };
		53D004F4299F5FDE00B5C0BC /* AppDelegate.swift */ = {isa = PBXFileReference; lastKnownFileType = sourcecode.swift; path = AppDelegate.swift; sourceTree = "<group>"; };
		53D004F6299F5FDE00B5C0BC /* art.scnassets */ = {isa = PBXFileReference; lastKnownFileType = wrapper.scnassets; path = art.scnassets; sourceTree = "<group>"; };
		53D004F8299F5FDE00B5C0BC /* ViewController.swift */ = {isa = PBXFileReference; lastKnownFileType = sourcecode.swift; path = ViewController.swift; sourceTree = "<group>"; };
		53D004FB299F5FDE00B5C0BC /* Base */ = {isa = PBXFileReference; lastKnownFileType = file.storyboard; name = Base; path = Base.lproj/Main.storyboard; sourceTree = "<group>"; };
		53D004FD299F5FDF00B5C0BC /* Assets.xcassets */ = {isa = PBXFileReference; lastKnownFileType = folder.assetcatalog; path = Assets.xcassets; sourceTree = "<group>"; };
		53D00500299F5FDF00B5C0BC /* Base */ = {isa = PBXFileReference; lastKnownFileType = file.storyboard; name = Base; path = Base.lproj/LaunchScreen.storyboard; sourceTree = "<group>"; };
		53D00506299F5FDF00B5C0BC /* ARCombatTests.xctest */ = {isa = PBXFileReference; explicitFileType = wrapper.cfbundle; includeInIndex = 0; path = ARCombatTests.xctest; sourceTree = BUILT_PRODUCTS_DIR; };
		53D0050A299F5FDF00B5C0BC /* ARCombatTests.swift */ = {isa = PBXFileReference; lastKnownFileType = sourcecode.swift; path = ARCombatTests.swift; sourceTree = "<group>"; };
		53D00510299F5FDF00B5C0BC /* ARCombatUITests.xctest */ = {isa = PBXFileReference; explicitFileType = wrapper.cfbundle; includeInIndex = 0; path = ARCombatUITests.xctest; sourceTree = BUILT_PRODUCTS_DIR; };
		53D00514299F5FDF00B5C0BC /* ARCombatUITests.swift */ = {isa = PBXFileReference; lastKnownFileType = sourcecode.swift; path = ARCombatUITests.swift; sourceTree = "<group>"; };
		53D00516299F5FDF00B5C0BC /* ARCombatUITestsLaunchTests.swift */ = {isa = PBXFileReference; lastKnownFileType = sourcecode.swift; path = ARCombatUITestsLaunchTests.swift; sourceTree = "<group>"; };
		53D00523299FA0C900B5C0BC /* GeometryConstant.swift */ = {isa = PBXFileReference; lastKnownFileType = sourcecode.swift; path = GeometryConstant.swift; sourceTree = "<group>"; };
/* End PBXFileReference section */

/* Begin PBXFrameworksBuildPhase section */
		53D004EE299F5FDE00B5C0BC /* Frameworks */ = {
			isa = PBXFrameworksBuildPhase;
			buildActionMask = 2147483647;
			files = (
			);
			runOnlyForDeploymentPostprocessing = 0;
		};
		53D00503299F5FDF00B5C0BC /* Frameworks */ = {
			isa = PBXFrameworksBuildPhase;
			buildActionMask = 2147483647;
			files = (
			);
			runOnlyForDeploymentPostprocessing = 0;
		};
		53D0050D299F5FDF00B5C0BC /* Frameworks */ = {
			isa = PBXFrameworksBuildPhase;
			buildActionMask = 2147483647;
			files = (
			);
			runOnlyForDeploymentPostprocessing = 0;
		};
/* End PBXFrameworksBuildPhase section */

/* Begin PBXGroup section */
		53D004E8299F5FDE00B5C0BC = {
			isa = PBXGroup;
			children = (
				53D004F3299F5FDE00B5C0BC /* ARCombat */,
				53D00509299F5FDF00B5C0BC /* ARCombatTests */,
				53D00513299F5FDF00B5C0BC /* ARCombatUITests */,
				53D004F2299F5FDE00B5C0BC /* Products */,
			);
			sourceTree = "<group>";
		};
		53D004F2299F5FDE00B5C0BC /* Products */ = {
			isa = PBXGroup;
			children = (
				53D004F1299F5FDE00B5C0BC /* ARCombat.app */,
				53D00506299F5FDF00B5C0BC /* ARCombatTests.xctest */,
				53D00510299F5FDF00B5C0BC /* ARCombatUITests.xctest */,
			);
			name = Products;
			sourceTree = "<group>";
		};
		53D004F3299F5FDE00B5C0BC /* ARCombat */ = {
			isa = PBXGroup;
			children = (
				53D004F4299F5FDE00B5C0BC /* AppDelegate.swift */,
				53D004F6299F5FDE00B5C0BC /* art.scnassets */,
				53D004F8299F5FDE00B5C0BC /* ViewController.swift */,
				53D004FA299F5FDE00B5C0BC /* Main.storyboard */,
				53D004FD299F5FDF00B5C0BC /* Assets.xcassets */,
				53D004FF299F5FDF00B5C0BC /* LaunchScreen.storyboard */,
				53D00523299FA0C900B5C0BC /* GeometryConstant.swift */,
			);
			path = ARCombat;
			sourceTree = "<group>";
		};
		53D00509299F5FDF00B5C0BC /* ARCombatTests */ = {
			isa = PBXGroup;
			children = (
				53D0050A299F5FDF00B5C0BC /* ARCombatTests.swift */,
			);
			path = ARCombatTests;
			sourceTree = "<group>";
		};
		53D00513299F5FDF00B5C0BC /* ARCombatUITests */ = {
			isa = PBXGroup;
			children = (
				53D00514299F5FDF00B5C0BC /* ARCombatUITests.swift */,
				53D00516299F5FDF00B5C0BC /* ARCombatUITestsLaunchTests.swift */,
			);
			path = ARCombatUITests;
			sourceTree = "<group>";
		};
/* End PBXGroup section */

/* Begin PBXNativeTarget section */
		53D004F0299F5FDE00B5C0BC /* ARCombat */ = {
			isa = PBXNativeTarget;
			buildConfigurationList = 53D0051A299F5FDF00B5C0BC /* Build configuration list for PBXNativeTarget "ARCombat" */;
			buildPhases = (
				53D004ED299F5FDE00B5C0BC /* Sources */,
				53D004EE299F5FDE00B5C0BC /* Frameworks */,
				53D004EF299F5FDE00B5C0BC /* Resources */,
			);
			buildRules = (
			);
			dependencies = (
			);
			name = ARCombat;
			productName = ARCombat;
			productReference = 53D004F1299F5FDE00B5C0BC /* ARCombat.app */;
			productType = "com.apple.product-type.application";
		};
		53D00505299F5FDF00B5C0BC /* ARCombatTests */ = {
			isa = PBXNativeTarget;
			buildConfigurationList = 53D0051D299F5FDF00B5C0BC /* Build configuration list for PBXNativeTarget "ARCombatTests" */;
			buildPhases = (
				53D00502299F5FDF00B5C0BC /* Sources */,
				53D00503299F5FDF00B5C0BC /* Frameworks */,
				53D00504299F5FDF00B5C0BC /* Resources */,
			);
			buildRules = (
			);
			dependencies = (
				53D00508299F5FDF00B5C0BC /* PBXTargetDependency */,
			);
			name = ARCombatTests;
			productName = ARCombatTests;
			productReference = 53D00506299F5FDF00B5C0BC /* ARCombatTests.xctest */;
			productType = "com.apple.product-type.bundle.unit-test";
		};
		53D0050F299F5FDF00B5C0BC /* ARCombatUITests */ = {
			isa = PBXNativeTarget;
			buildConfigurationList = 53D00520299F5FDF00B5C0BC /* Build configuration list for PBXNativeTarget "ARCombatUITests" */;
			buildPhases = (
				53D0050C299F5FDF00B5C0BC /* Sources */,
				53D0050D299F5FDF00B5C0BC /* Frameworks */,
				53D0050E299F5FDF00B5C0BC /* Resources */,
			);
			buildRules = (
			);
			dependencies = (
				53D00512299F5FDF00B5C0BC /* PBXTargetDependency */,
			);
			name = ARCombatUITests;
			productName = ARCombatUITests;
			productReference = 53D00510299F5FDF00B5C0BC /* ARCombatUITests.xctest */;
			productType = "com.apple.product-type.bundle.ui-testing";
		};
/* End PBXNativeTarget section */

/* Begin PBXProject section */
		53D004E9299F5FDE00B5C0BC /* Project object */ = {
			isa = PBXProject;
			attributes = {
				BuildIndependentTargetsInParallel = 1;
				LastSwiftUpdateCheck = 1420;
				LastUpgradeCheck = 1420;
				TargetAttributes = {
					53D004F0299F5FDE00B5C0BC = {
						CreatedOnToolsVersion = 14.2;
					};
					53D00505299F5FDF00B5C0BC = {
						CreatedOnToolsVersion = 14.2;
						TestTargetID = 53D004F0299F5FDE00B5C0BC;
					};
					53D0050F299F5FDF00B5C0BC = {
						CreatedOnToolsVersion = 14.2;
						TestTargetID = 53D004F0299F5FDE00B5C0BC;
					};
				};
			};
			buildConfigurationList = 53D004EC299F5FDE00B5C0BC /* Build configuration list for PBXProject "ARCombat" */;
			compatibilityVersion = "Xcode 14.0";
			developmentRegion = en;
			hasScannedForEncodings = 0;
			knownRegions = (
				en,
				Base,
			);
			mainGroup = 53D004E8299F5FDE00B5C0BC;
			productRefGroup = 53D004F2299F5FDE00B5C0BC /* Products */;
			projectDirPath = "";
			projectRoot = "";
			targets = (
				53D004F0299F5FDE00B5C0BC /* ARCombat */,
				53D00505299F5FDF00B5C0BC /* ARCombatTests */,
				53D0050F299F5FDF00B5C0BC /* ARCombatUITests */,
			);
		};
/* End PBXProject section */

/* Begin PBXResourcesBuildPhase section */
		53D004EF299F5FDE00B5C0BC /* Resources */ = {
			isa = PBXResourcesBuildPhase;
			buildActionMask = 2147483647;
			files = (
				53D004F7299F5FDE00B5C0BC /* art.scnassets in Resources */,
				53D00501299F5FDF00B5C0BC /* LaunchScreen.storyboard in Resources */,
				53D004FE299F5FDF00B5C0BC /* Assets.xcassets in Resources */,
				53D004FC299F5FDE00B5C0BC /* Main.storyboard in Resources */,
			);
			runOnlyForDeploymentPostprocessing = 0;
		};
		53D00504299F5FDF00B5C0BC /* Resources */ = {
			isa = PBXResourcesBuildPhase;
			buildActionMask = 2147483647;
			files = (
			);
			runOnlyForDeploymentPostprocessing = 0;
		};
		53D0050E299F5FDF00B5C0BC /* Resources */ = {
			isa = PBXResourcesBuildPhase;
			buildActionMask = 2147483647;
			files = (
			);
			runOnlyForDeploymentPostprocessing = 0;
		};
/* End PBXResourcesBuildPhase section */

/* Begin PBXSourcesBuildPhase section */
		53D004ED299F5FDE00B5C0BC /* Sources */ = {
			isa = PBXSourcesBuildPhase;
			buildActionMask = 2147483647;
			files = (
				53D004F9299F5FDE00B5C0BC /* ViewController.swift in Sources */,
				53D004F5299F5FDE00B5C0BC /* AppDelegate.swift in Sources */,
				53D00524299FA0C900B5C0BC /* GeometryConstant.swift in Sources */,
			);
			runOnlyForDeploymentPostprocessing = 0;
		};
		53D00502299F5FDF00B5C0BC /* Sources */ = {
			isa = PBXSourcesBuildPhase;
			buildActionMask = 2147483647;
			files = (
				53D0050B299F5FDF00B5C0BC /* ARCombatTests.swift in Sources */,
			);
			runOnlyForDeploymentPostprocessing = 0;
		};
		53D0050C299F5FDF00B5C0BC /* Sources */ = {
			isa = PBXSourcesBuildPhase;
			buildActionMask = 2147483647;
			files = (
				53D00517299F5FDF00B5C0BC /* ARCombatUITestsLaunchTests.swift in Sources */,
				53D00515299F5FDF00B5C0BC /* ARCombatUITests.swift in Sources */,
			);
			runOnlyForDeploymentPostprocessing = 0;
		};
/* End PBXSourcesBuildPhase section */

/* Begin PBXTargetDependency section */
		53D00508299F5FDF00B5C0BC /* PBXTargetDependency */ = {
			isa = PBXTargetDependency;
			target = 53D004F0299F5FDE00B5C0BC /* ARCombat */;
			targetProxy = 53D00507299F5FDF00B5C0BC /* PBXContainerItemProxy */;
		};
		53D00512299F5FDF00B5C0BC /* PBXTargetDependency */ = {
			isa = PBXTargetDependency;
			target = 53D004F0299F5FDE00B5C0BC /* ARCombat */;
			targetProxy = 53D00511299F5FDF00B5C0BC /* PBXContainerItemProxy */;
		};
/* End PBXTargetDependency section */

/* Begin PBXVariantGroup section */
		53D004FA299F5FDE00B5C0BC /* Main.storyboard */ = {
			isa = PBXVariantGroup;
			children = (
				53D004FB299F5FDE00B5C0BC /* Base */,
			);
			name = Main.storyboard;
			sourceTree = "<group>";
		};
		53D004FF299F5FDF00B5C0BC /* LaunchScreen.storyboard */ = {
			isa = PBXVariantGroup;
			children = (
				53D00500299F5FDF00B5C0BC /* Base */,
			);
			name = LaunchScreen.storyboard;
			sourceTree = "<group>";
		};
/* End PBXVariantGroup section */

/* Begin XCBuildConfiguration section */
		53D00518299F5FDF00B5C0BC /* Debug */ = {
			isa = XCBuildConfiguration;
			buildSettings = {
				ALWAYS_SEARCH_USER_PATHS = NO;
				CLANG_ANALYZER_NONNULL = YES;
				CLANG_ANALYZER_NUMBER_OBJECT_CONVERSION = YES_AGGRESSIVE;
				CLANG_CXX_LANGUAGE_STANDARD = "gnu++20";
				CLANG_ENABLE_MODULES = YES;
				CLANG_ENABLE_OBJC_ARC = YES;
				CLANG_ENABLE_OBJC_WEAK = YES;
				CLANG_WARN_BLOCK_CAPTURE_AUTORELEASING = YES;
				CLANG_WARN_BOOL_CONVERSION = YES;
				CLANG_WARN_COMMA = YES;
				CLANG_WARN_CONSTANT_CONVERSION = YES;
				CLANG_WARN_DEPRECATED_OBJC_IMPLEMENTATIONS = YES;
				CLANG_WARN_DIRECT_OBJC_ISA_USAGE = YES_ERROR;
				CLANG_WARN_DOCUMENTATION_COMMENTS = YES;
				CLANG_WARN_EMPTY_BODY = YES;
				CLANG_WARN_ENUM_CONVERSION = YES;
				CLANG_WARN_INFINITE_RECURSION = YES;
				CLANG_WARN_INT_CONVERSION = YES;
				CLANG_WARN_NON_LITERAL_NULL_CONVERSION = YES;
				CLANG_WARN_OBJC_IMPLICIT_RETAIN_SELF = YES;
				CLANG_WARN_OBJC_LITERAL_CONVERSION = YES;
				CLANG_WARN_OBJC_ROOT_CLASS = YES_ERROR;
				CLANG_WARN_QUOTED_INCLUDE_IN_FRAMEWORK_HEADER = YES;
				CLANG_WARN_RANGE_LOOP_ANALYSIS = YES;
				CLANG_WARN_STRICT_PROTOTYPES = YES;
				CLANG_WARN_SUSPICIOUS_MOVE = YES;
				CLANG_WARN_UNGUARDED_AVAILABILITY = YES_AGGRESSIVE;
				CLANG_WARN_UNREACHABLE_CODE = YES;
				CLANG_WARN__DUPLICATE_METHOD_MATCH = YES;
				COPY_PHASE_STRIP = NO;
				DEBUG_INFORMATION_FORMAT = dwarf;
				ENABLE_STRICT_OBJC_MSGSEND = YES;
				ENABLE_TESTABILITY = YES;
				GCC_C_LANGUAGE_STANDARD = gnu11;
				GCC_DYNAMIC_NO_PIC = NO;
				GCC_NO_COMMON_BLOCKS = YES;
				GCC_OPTIMIZATION_LEVEL = 0;
				GCC_PREPROCESSOR_DEFINITIONS = (
					"DEBUG=1",
					"$(inherited)",
				);
				GCC_WARN_64_TO_32_BIT_CONVERSION = YES;
				GCC_WARN_ABOUT_RETURN_TYPE = YES_ERROR;
				GCC_WARN_UNDECLARED_SELECTOR = YES;
				GCC_WARN_UNINITIALIZED_AUTOS = YES_AGGRESSIVE;
				GCC_WARN_UNUSED_FUNCTION = YES;
				GCC_WARN_UNUSED_VARIABLE = YES;
				IPHONEOS_DEPLOYMENT_TARGET = 16.2;
				MTL_ENABLE_DEBUG_INFO = INCLUDE_SOURCE;
				MTL_FAST_MATH = YES;
				ONLY_ACTIVE_ARCH = YES;
				SDKROOT = iphoneos;
				SWIFT_ACTIVE_COMPILATION_CONDITIONS = DEBUG;
				SWIFT_OPTIMIZATION_LEVEL = "-Onone";
			};
			name = Debug;
		};
		53D00519299F5FDF00B5C0BC /* Release */ = {
			isa = XCBuildConfiguration;
			buildSettings = {
				ALWAYS_SEARCH_USER_PATHS = NO;
				CLANG_ANALYZER_NONNULL = YES;
				CLANG_ANALYZER_NUMBER_OBJECT_CONVERSION = YES_AGGRESSIVE;
				CLANG_CXX_LANGUAGE_STANDARD = "gnu++20";
				CLANG_ENABLE_MODULES = YES;
				CLANG_ENABLE_OBJC_ARC = YES;
				CLANG_ENABLE_OBJC_WEAK = YES;
				CLANG_WARN_BLOCK_CAPTURE_AUTORELEASING = YES;
				CLANG_WARN_BOOL_CONVERSION = YES;
				CLANG_WARN_COMMA = YES;
				CLANG_WARN_CONSTANT_CONVERSION = YES;
				CLANG_WARN_DEPRECATED_OBJC_IMPLEMENTATIONS = YES;
				CLANG_WARN_DIRECT_OBJC_ISA_USAGE = YES_ERROR;
				CLANG_WARN_DOCUMENTATION_COMMENTS = YES;
				CLANG_WARN_EMPTY_BODY = YES;
				CLANG_WARN_ENUM_CONVERSION = YES;
				CLANG_WARN_INFINITE_RECURSION = YES;
				CLANG_WARN_INT_CONVERSION = YES;
				CLANG_WARN_NON_LITERAL_NULL_CONVERSION = YES;
				CLANG_WARN_OBJC_IMPLICIT_RETAIN_SELF = YES;
				CLANG_WARN_OBJC_LITERAL_CONVERSION = YES;
				CLANG_WARN_OBJC_ROOT_CLASS = YES_ERROR;
				CLANG_WARN_QUOTED_INCLUDE_IN_FRAMEWORK_HEADER = YES;
				CLANG_WARN_RANGE_LOOP_ANALYSIS = YES;
				CLANG_WARN_STRICT_PROTOTYPES = YES;
				CLANG_WARN_SUSPICIOUS_MOVE = YES;
				CLANG_WARN_UNGUARDED_AVAILABILITY = YES_AGGRESSIVE;
				CLANG_WARN_UNREACHABLE_CODE = YES;
				CLANG_WARN__DUPLICATE_METHOD_MATCH = YES;
				COPY_PHASE_STRIP = NO;
				DEBUG_INFORMATION_FORMAT = "dwarf-with-dsym";
				ENABLE_NS_ASSERTIONS = NO;
				ENABLE_STRICT_OBJC_MSGSEND = YES;
				GCC_C_LANGUAGE_STANDARD = gnu11;
				GCC_NO_COMMON_BLOCKS = YES;
				GCC_WARN_64_TO_32_BIT_CONVERSION = YES;
				GCC_WARN_ABOUT_RETURN_TYPE = YES_ERROR;
				GCC_WARN_UNDECLARED_SELECTOR = YES;
				GCC_WARN_UNINITIALIZED_AUTOS = YES_AGGRESSIVE;
				GCC_WARN_UNUSED_FUNCTION = YES;
				GCC_WARN_UNUSED_VARIABLE = YES;
				IPHONEOS_DEPLOYMENT_TARGET = 16.2;
				MTL_ENABLE_DEBUG_INFO = NO;
				MTL_FAST_MATH = YES;
				SDKROOT = iphoneos;
				SWIFT_COMPILATION_MODE = wholemodule;
				SWIFT_OPTIMIZATION_LEVEL = "-O";
				VALIDATE_PRODUCT = YES;
			};
			name = Release;
		};
		53D0051B299F5FDF00B5C0BC /* Debug */ = {
			isa = XCBuildConfiguration;
			buildSettings = {
				ASSETCATALOG_COMPILER_APPICON_NAME = AppIcon;
				ASSETCATALOG_COMPILER_GLOBAL_ACCENT_COLOR_NAME = AccentColor;
				CODE_SIGN_STYLE = Automatic;
				CURRENT_PROJECT_VERSION = 1;
				GENERATE_INFOPLIST_FILE = YES;
				INFOPLIST_KEY_NSCameraUsageDescription = "";
				INFOPLIST_KEY_UIApplicationSupportsIndirectInputEvents = YES;
				INFOPLIST_KEY_UILaunchStoryboardName = LaunchScreen;
				INFOPLIST_KEY_UIMainStoryboardFile = Main;
				INFOPLIST_KEY_UIRequiredDeviceCapabilities = arkit;
				INFOPLIST_KEY_UIStatusBarHidden = YES;
				INFOPLIST_KEY_UISupportedInterfaceOrientations_iPad = "UIInterfaceOrientationPortrait UIInterfaceOrientationPortraitUpsideDown UIInterfaceOrientationLandscapeLeft UIInterfaceOrientationLandscapeRight";
				INFOPLIST_KEY_UISupportedInterfaceOrientations_iPhone = "UIInterfaceOrientationPortrait UIInterfaceOrientationLandscapeLeft UIInterfaceOrientationLandscapeRight";
				LD_RUNPATH_SEARCH_PATHS = (
					"$(inherited)",
					"@executable_path/Frameworks",
				);
				MARKETING_VERSION = 1.0;
				PRODUCT_BUNDLE_IDENTIFIER = zhang.ARCombat;
				PRODUCT_NAME = "$(TARGET_NAME)";
				SWIFT_EMIT_LOC_STRINGS = YES;
				SWIFT_VERSION = 5.0;
				TARGETED_DEVICE_FAMILY = "1,2";
			};
			name = Debug;
		};
		53D0051C299F5FDF00B5C0BC /* Release */ = {
			isa = XCBuildConfiguration;
			buildSettings = {
				ASSETCATALOG_COMPILER_APPICON_NAME = AppIcon;
				ASSETCATALOG_COMPILER_GLOBAL_ACCENT_COLOR_NAME = AccentColor;
				CODE_SIGN_STYLE = Automatic;
				CURRENT_PROJECT_VERSION = 1;
				GENERATE_INFOPLIST_FILE = YES;
				INFOPLIST_KEY_NSCameraUsageDescription = "";
				INFOPLIST_KEY_UIApplicationSupportsIndirectInputEvents = YES;
				INFOPLIST_KEY_UILaunchStoryboardName = LaunchScreen;
				INFOPLIST_KEY_UIMainStoryboardFile = Main;
				INFOPLIST_KEY_UIRequiredDeviceCapabilities = arkit;
				INFOPLIST_KEY_UIStatusBarHidden = YES;
				INFOPLIST_KEY_UISupportedInterfaceOrientations_iPad = "UIInterfaceOrientationPortrait UIInterfaceOrientationPortraitUpsideDown UIInterfaceOrientationLandscapeLeft UIInterfaceOrientationLandscapeRight";
				INFOPLIST_KEY_UISupportedInterfaceOrientations_iPhone = "UIInterfaceOrientationPortrait UIInterfaceOrientationLandscapeLeft UIInterfaceOrientationLandscapeRight";
				LD_RUNPATH_SEARCH_PATHS = (
					"$(inherited)",
					"@executable_path/Frameworks",
				);
				MARKETING_VERSION = 1.0;
				PRODUCT_BUNDLE_IDENTIFIER = zhang.ARCombat;
				PRODUCT_NAME = "$(TARGET_NAME)";
				SWIFT_EMIT_LOC_STRINGS = YES;
				SWIFT_VERSION = 5.0;
				TARGETED_DEVICE_FAMILY = "1,2";
			};
			name = Release;
		};
		53D0051E299F5FDF00B5C0BC /* Debug */ = {
			isa = XCBuildConfiguration;
			buildSettings = {
				ALWAYS_EMBED_SWIFT_STANDARD_LIBRARIES = YES;
				BUNDLE_LOADER = "$(TEST_HOST)";
				CODE_SIGN_STYLE = Automatic;
				CURRENT_PROJECT_VERSION = 1;
				GENERATE_INFOPLIST_FILE = YES;
				IPHONEOS_DEPLOYMENT_TARGET = 16.2;
				MARKETING_VERSION = 1.0;
				PRODUCT_BUNDLE_IDENTIFIER = zhang.ARCombatTests;
				PRODUCT_NAME = "$(TARGET_NAME)";
				SWIFT_EMIT_LOC_STRINGS = NO;
				SWIFT_VERSION = 5.0;
				TARGETED_DEVICE_FAMILY = "1,2";
				TEST_HOST = "$(BUILT_PRODUCTS_DIR)/ARCombat.app/$(BUNDLE_EXECUTABLE_FOLDER_PATH)/ARCombat";
			};
			name = Debug;
		};
		53D0051F299F5FDF00B5C0BC /* Release */ = {
			isa = XCBuildConfiguration;
			buildSettings = {
				ALWAYS_EMBED_SWIFT_STANDARD_LIBRARIES = YES;
				BUNDLE_LOADER = "$(TEST_HOST)";
				CODE_SIGN_STYLE = Automatic;
				CURRENT_PROJECT_VERSION = 1;
				GENERATE_INFOPLIST_FILE = YES;
				IPHONEOS_DEPLOYMENT_TARGET = 16.2;
				MARKETING_VERSION = 1.0;
				PRODUCT_BUNDLE_IDENTIFIER = zhang.ARCombatTests;
				PRODUCT_NAME = "$(TARGET_NAME)";
				SWIFT_EMIT_LOC_STRINGS = NO;
				SWIFT_VERSION = 5.0;
				TARGETED_DEVICE_FAMILY = "1,2";
				TEST_HOST = "$(BUILT_PRODUCTS_DIR)/ARCombat.app/$(BUNDLE_EXECUTABLE_FOLDER_PATH)/ARCombat";
			};
			name = Release;
		};
		53D00521299F5FDF00B5C0BC /* Debug */ = {
			isa = XCBuildConfiguration;
			buildSettings = {
				ALWAYS_EMBED_SWIFT_STANDARD_LIBRARIES = YES;
				CODE_SIGN_STYLE = Automatic;
				CURRENT_PROJECT_VERSION = 1;
				GENERATE_INFOPLIST_FILE = YES;
				MARKETING_VERSION = 1.0;
				PRODUCT_BUNDLE_IDENTIFIER = zhang.ARCombatUITests;
				PRODUCT_NAME = "$(TARGET_NAME)";
				SWIFT_EMIT_LOC_STRINGS = NO;
				SWIFT_VERSION = 5.0;
				TARGETED_DEVICE_FAMILY = "1,2";
				TEST_TARGET_NAME = ARCombat;
			};
			name = Debug;
		};
		53D00522299F5FDF00B5C0BC /* Release */ = {
			isa = XCBuildConfiguration;
			buildSettings = {
				ALWAYS_EMBED_SWIFT_STANDARD_LIBRARIES = YES;
				CODE_SIGN_STYLE = Automatic;
				CURRENT_PROJECT_VERSION = 1;
				GENERATE_INFOPLIST_FILE = YES;
				MARKETING_VERSION = 1.0;
				PRODUCT_BUNDLE_IDENTIFIER = zhang.ARCombatUITests;
				PRODUCT_NAME = "$(TARGET_NAME)";
				SWIFT_EMIT_LOC_STRINGS = NO;
				SWIFT_VERSION = 5.0;
				TARGETED_DEVICE_FAMILY = "1,2";
				TEST_TARGET_NAME = ARCombat;
			};
			name = Release;
		};
/* End XCBuildConfiguration section */

/* Begin XCConfigurationList section */
		53D004EC299F5FDE00B5C0BC /* Build configuration list for PBXProject "ARCombat" */ = {
			isa = XCConfigurationList;
			buildConfigurations = (
				53D00518299F5FDF00B5C0BC /* Debug */,
				53D00519299F5FDF00B5C0BC /* Release */,
			);
			defaultConfigurationIsVisible = 0;
			defaultConfigurationName = Release;
		};
		53D0051A299F5FDF00B5C0BC /* Build configuration list for PBXNativeTarget "ARCombat" */ = {
			isa = XCConfigurationList;
			buildConfigurations = (
				53D0051B299F5FDF00B5C0BC /* Debug */,
				53D0051C299F5FDF00B5C0BC /* Release */,
			);
			defaultConfigurationIsVisible = 0;
			defaultConfigurationName = Release;
		};
		53D0051D299F5FDF00B5C0BC /* Build configuration list for PBXNativeTarget "ARCombatTests" */ = {
			isa = XCConfigurationList;
			buildConfigurations = (
				53D0051E299F5FDF00B5C0BC /* Debug */,
				53D0051F299F5FDF00B5C0BC /* Release */,
			);
			defaultConfigurationIsVisible = 0;
			defaultConfigurationName = Release;
		};
		53D00520299F5FDF00B5C0BC /* Build configuration list for PBXNativeTarget "ARCombatUITests" */ = {
			isa = XCConfigurationList;
			buildConfigurations = (
				53D00521299F5FDF00B5C0BC /* Debug */,
				53D00522299F5FDF00B5C0BC /* Release */,
			);
			defaultConfigurationIsVisible = 0;
			defaultConfigurationName = Release;
		};
/* End XCConfigurationList section */
	};
	rootObject = 53D004E9299F5FDE00B5C0BC /* Project object */;
}
